{
  "version": 4,
  "terraform_version": "1.2.9",
  "serial": 72,
  "lineage": "c0011727-33a6-203e-f86d-25ff3e971035",
  "outputs": {
    "public_ip": {
      "value": "mtc-linux-vm: 13.80.248.157",
      "type": "string"
    }
  },
  "resources": [
    {
      "mode": "data",
      "type": "azurerm_public_ip",
      "name": "mtc-ip-data",
      "provider": "provider[\"registry.terraform.io/hashicorp/azurerm\"]",
      "instances": [
        {
          "schema_version": 0,
          "attributes": {
            "allocation_method": "Dynamic",
            "domain_name_label": "",
            "fqdn": "",
            "id": "/subscriptions/32ec75d5-1e6b-4c8a-9170-bcabf13f9087/resourceGroups/mtc-resources/providers/Microsoft.Network/publicIPAddresses/mtc-ip",
            "idle_timeout_in_minutes": 4,
            "ip_address": "13.80.248.157",
            "ip_tags": {},
            "ip_version": "IPv4",
            "location": "westeurope",
            "name": "mtc-ip",
            "resource_group_name": "mtc-resources",
            "reverse_fqdn": "",
            "sku": "Basic",
            "tags": {
              "environment": "dev"
            },
            "timeouts": null,
            "zones": []
          },
          "sensitive_attributes": []
        }
      ]
    },
    {
      "mode": "managed",
      "type": "azurerm_linux_virtual_machine",
      "name": "mtc-vm",
      "provider": "provider[\"registry.terraform.io/hashicorp/azurerm\"]",
      "instances": [
        {
          "schema_version": 0,
          "attributes": {
            "additional_capabilities": [],
            "admin_password": null,
            "admin_ssh_key": [
              {
                "public_key": "ssh-rsa AAAAB3NzaC1yc2EAAAADAQABAAABgQC1tpXiC/rOIL52Wgyfzktl4LZFdQ59tW+pwurJNvoESFF+/B1GXqUNYDXgZ/UuL9BApD6Zfb9KFcSrK7KV4Bwjuffntch/o9hK+wGzMHwrYTa4Ji0Yc2rvts39mdZDraE9E+xIC8Mfic5OfyWOl3Xq0OIhizs2XWgqrWjt2BxoeR6gMvkU/1GhDYsPZ38uwrtcMhVAVJdoOdPCJRjrax/NyonzbTHEi20HQDpxRRLgGPtrrILG7+VZcqTFz+NXRx++3ZFt9fTRveDl+5w9i+NRpBDNvZ8yBxMnkOiqux50bC6h7Q8fqGzYZaaMqD4RYQtkw3A6nqkmpVlisM05/B+nmzGQ1NlPI4e0wEoDYNYxzw22RKVq+4nZm0JIlaL6XLk6YMN4u5CkRvI9u5QpDeHLpsOI8YFnV0CReebCSFtBuGN2H6UaFd88I5hfjtdf2VLZEQyJA9q+KjYLvLWnneAXlTLpdZMx65b7CO7wOcgXRbEScBBkjYK2Adg4DKPnhxs= jonas@DESKTOP-4D41CQC\r\n",
                "username": "adminuser"
              }
            ],
            "admin_username": "adminuser",
            "allow_extension_operations": true,
            "availability_set_id": "",
            "boot_diagnostics": [],
            "computer_name": "mtc-linux-vm",
            "custom_data": "IyEvYmluL2Jhc2gNCnN1ZG8gYXB0LWdldCB1cGRhdGUgLXkgJiYNCnN1ZG8gYXB0LWdldCBpbnN0YWxsIC15IFwNCmFwdC10cmFuc3BvcnQtaHR0cHMgXA0KY2EtY2VydGlmaWNhdGVzIFwNCmN1cmwgXA0KZ251cGctYWdlbnQgXA0Kc29mdHdhcmUtcHJvcGVydGllcy1jb21tb24gJiYNCmN1cmwgLWZzU0wgaHR0cHM6Ly9kb3dubG9hZC5kb2NrZXIuY29tL2xpbnV4L3VidW50dS9ncGcgfCBzdWRvIGFwdC1rZXkgYWRkIC0gJiYNCnN1ZG8gYWRkLWFwdC1yZXBvc2l0b3J5ICJkZWIgW2FyY2g9YW1kNjRdIGh0dHBzOi8vZG93bmxvYWQuZG9ja2VyLmNvbS9saW51eC91YnVudHUgJChsc2JfcmVsZWFzZSAtY3MpIHN0YWJsZSIgJiYNCnN1ZG8gYXB0LWdldCB1cGRhdGUgLXkgJiYNCnN1ZG8gc3VkbyBhcHQtZ2V0IGluc3RhbGwgZG9ja2VyLWNlIGRvY2tlci1jZS1jbGkgY29udGFpbmVyZC5pbyAteSAmJg0Kc3VkbyB1c2VybW9kIC1hRyBkb2NrZXIgdWJ1bnR1",
            "dedicated_host_id": "",
            "disable_password_authentication": true,
            "encryption_at_host_enabled": false,
            "eviction_policy": "",
            "extensions_time_budget": "PT1H30M",
            "id": "/subscriptions/32ec75d5-1e6b-4c8a-9170-bcabf13f9087/resourceGroups/mtc-resources/providers/Microsoft.Compute/virtualMachines/mtc-linux-vm",
            "identity": [],
            "license_type": "",
            "location": "westeurope",
            "max_bid_price": -1,
            "name": "mtc-linux-vm",
            "network_interface_ids": [
              "/subscriptions/32ec75d5-1e6b-4c8a-9170-bcabf13f9087/resourceGroups/mtc-resources/providers/Microsoft.Network/networkInterfaces/mtc-nic"
            ],
            "os_disk": [
              {
                "caching": "ReadWrite",
                "diff_disk_settings": [],
                "disk_encryption_set_id": "",
                "disk_size_gb": 30,
                "name": "mtc-linux-vm_disk1_93e6165f4f994194b27700a9138801bc",
                "storage_account_type": "Standard_LRS",
                "write_accelerator_enabled": false
              }
            ],
            "patch_mode": "ImageDefault",
            "plan": [],
            "platform_fault_domain": -1,
            "priority": "Regular",
            "private_ip_address": "10.123.1.4",
            "private_ip_addresses": [
              "10.123.1.4"
            ],
            "provision_vm_agent": true,
            "proximity_placement_group_id": "",
            "public_ip_address": "13.80.248.157",
            "public_ip_addresses": [
              "13.80.248.157"
            ],
            "resource_group_name": "mtc-resources",
            "secret": [],
            "secure_boot_enabled": false,
            "size": "Standard_B1s",
            "source_image_id": "",
            "source_image_reference": [
              {
                "offer": "UbuntuServer",
                "publisher": "Canonical",
                "sku": "18.04-LTS",
                "version": "latest"
              }
            ],
            "tags": {
              "environment": "dev"
            },
            "timeouts": null,
            "user_data": "",
            "virtual_machine_id": "c6bb0c40-90a1-4df4-9381-aea30a3585a3",
            "virtual_machine_scale_set_id": "",
            "vtpm_enabled": false,
            "zone": ""
          },
          "sensitive_attributes": [],
          "private": "eyJlMmJmYjczMC1lY2FhLTExZTYtOGY4OC0zNDM2M2JjN2M0YzAiOnsiY3JlYXRlIjoyNzAwMDAwMDAwMDAwLCJkZWxldGUiOjI3MDAwMDAwMDAwMDAsInJlYWQiOjMwMDAwMDAwMDAwMCwidXBkYXRlIjoyNzAwMDAwMDAwMDAwfX0=",
          "dependencies": [
            "azurerm_network_interface.mtc-nic",
            "azurerm_public_ip.mtc-ip",
            "azurerm_resource_group.mtc-rg",
            "azurerm_subnet.mtc-subnet",
            "azurerm_virtual_network.mtc-vn"
          ]
        }
      ]
    },
    {
      "mode": "managed",
      "type": "azurerm_network_interface",
      "name": "mtc-nic",
      "provider": "provider[\"registry.terraform.io/hashicorp/azurerm\"]",
      "instances": [
        {
          "schema_version": 0,
          "attributes": {
            "applied_dns_servers": [],
            "dns_servers": [],
            "enable_accelerated_networking": false,
            "enable_ip_forwarding": false,
            "id": "/subscriptions/32ec75d5-1e6b-4c8a-9170-bcabf13f9087/resourceGroups/mtc-resources/providers/Microsoft.Network/networkInterfaces/mtc-nic",
            "internal_dns_name_label": "",
            "internal_domain_name_suffix": "v5ugarcoujvepkxutd02l3ilqa.ax.internal.cloudapp.net",
            "ip_configuration": [
              {
                "gateway_load_balancer_frontend_ip_configuration_id": "",
                "name": "internal",
                "primary": true,
                "private_ip_address": "10.123.1.4",
                "private_ip_address_allocation": "Dynamic",
                "private_ip_address_version": "IPv4",
                "public_ip_address_id": "/subscriptions/32ec75d5-1e6b-4c8a-9170-bcabf13f9087/resourceGroups/mtc-resources/providers/Microsoft.Network/publicIPAddresses/mtc-ip",
                "subnet_id": "/subscriptions/32ec75d5-1e6b-4c8a-9170-bcabf13f9087/resourceGroups/mtc-resources/providers/Microsoft.Network/virtualNetworks/mtc-network/subnets/mtc-subnet"
              }
            ],
            "location": "westeurope",
            "mac_address": "00-22-48-83-DD-41",
            "name": "mtc-nic",
            "private_ip_address": "10.123.1.4",
            "private_ip_addresses": [
              "10.123.1.4"
            ],
            "resource_group_name": "mtc-resources",
            "tags": {
              "environment": "dev"
            },
            "timeouts": null,
            "virtual_machine_id": "/subscriptions/32ec75d5-1e6b-4c8a-9170-bcabf13f9087/resourceGroups/mtc-resources/providers/Microsoft.Compute/virtualMachines/mtc-linux-vm"
          },
          "sensitive_attributes": [],
          "private": "eyJlMmJmYjczMC1lY2FhLTExZTYtOGY4OC0zNDM2M2JjN2M0YzAiOnsiY3JlYXRlIjoxODAwMDAwMDAwMDAwLCJkZWxldGUiOjE4MDAwMDAwMDAwMDAsInJlYWQiOjMwMDAwMDAwMDAwMCwidXBkYXRlIjoxODAwMDAwMDAwMDAwfX0=",
          "dependencies": [
            "azurerm_public_ip.mtc-ip",
            "azurerm_resource_group.mtc-rg",
            "azurerm_subnet.mtc-subnet",
            "azurerm_virtual_network.mtc-vn"
          ]
        }
      ]
    },
    {
      "mode": "managed",
      "type": "azurerm_network_security_group",
      "name": "mtc-sg",
      "provider": "provider[\"registry.terraform.io/hashicorp/azurerm\"]",
      "instances": [
        {
          "schema_version": 0,
          "attributes": {
            "id": "/subscriptions/32ec75d5-1e6b-4c8a-9170-bcabf13f9087/resourceGroups/mtc-resources/providers/Microsoft.Network/networkSecurityGroups/mtc-sg",
            "location": "westeurope",
            "name": "mtc-sg",
            "resource_group_name": "mtc-resources",
            "security_rule": [
              {
                "access": "Allow",
                "description": "",
                "destination_address_prefix": "*",
                "destination_address_prefixes": [],
                "destination_application_security_group_ids": [],
                "destination_port_range": "*",
                "destination_port_ranges": [],
                "direction": "Inbound",
                "name": "mtc-dev-rule",
                "priority": 100,
                "protocol": "*",
                "source_address_prefix": "*",
                "source_address_prefixes": [],
                "source_application_security_group_ids": [],
                "source_port_range": "*",
                "source_port_ranges": []
              }
            ],
            "tags": {
              "environment": "dev"
            },
            "timeouts": null
          },
          "sensitive_attributes": [],
          "private": "eyJlMmJmYjczMC1lY2FhLTExZTYtOGY4OC0zNDM2M2JjN2M0YzAiOnsiY3JlYXRlIjoxODAwMDAwMDAwMDAwLCJkZWxldGUiOjE4MDAwMDAwMDAwMDAsInJlYWQiOjMwMDAwMDAwMDAwMCwidXBkYXRlIjoxODAwMDAwMDAwMDAwfX0=",
          "dependencies": [
            "azurerm_resource_group.mtc-rg"
          ]
        }
      ]
    },
    {
      "mode": "managed",
      "type": "azurerm_network_security_rule",
      "name": "mtc-dev-rule",
      "provider": "provider[\"registry.terraform.io/hashicorp/azurerm\"]",
      "instances": [
        {
          "schema_version": 0,
          "attributes": {
            "access": "Allow",
            "description": "",
            "destination_address_prefix": "*",
            "destination_address_prefixes": [],
            "destination_application_security_group_ids": [],
            "destination_port_range": "*",
            "destination_port_ranges": [],
            "direction": "Inbound",
            "id": "/subscriptions/32ec75d5-1e6b-4c8a-9170-bcabf13f9087/resourceGroups/mtc-resources/providers/Microsoft.Network/networkSecurityGroups/mtc-sg/securityRules/mtc-dev-rule",
            "name": "mtc-dev-rule",
            "network_security_group_name": "mtc-sg",
            "priority": 100,
            "protocol": "*",
            "resource_group_name": "mtc-resources",
            "source_address_prefix": "*",
            "source_address_prefixes": [],
            "source_application_security_group_ids": [],
            "source_port_range": "*",
            "source_port_ranges": [],
            "timeouts": null
          },
          "sensitive_attributes": [],
          "private": "eyJlMmJmYjczMC1lY2FhLTExZTYtOGY4OC0zNDM2M2JjN2M0YzAiOnsiY3JlYXRlIjoxODAwMDAwMDAwMDAwLCJkZWxldGUiOjE4MDAwMDAwMDAwMDAsInJlYWQiOjMwMDAwMDAwMDAwMCwidXBkYXRlIjoxODAwMDAwMDAwMDAwfX0=",
          "dependencies": [
            "azurerm_network_security_group.mtc-sg",
            "azurerm_resource_group.mtc-rg"
          ]
        }
      ]
    },
    {
      "mode": "managed",
      "type": "azurerm_public_ip",
      "name": "mtc-ip",
      "provider": "provider[\"registry.terraform.io/hashicorp/azurerm\"]",
      "instances": [
        {
          "schema_version": 0,
          "attributes": {
            "allocation_method": "Dynamic",
            "availability_zone": "No-Zone",
            "domain_name_label": null,
            "fqdn": null,
            "id": "/subscriptions/32ec75d5-1e6b-4c8a-9170-bcabf13f9087/resourceGroups/mtc-resources/providers/Microsoft.Network/publicIPAddresses/mtc-ip",
            "idle_timeout_in_minutes": 4,
            "ip_address": "13.80.248.157",
            "ip_tags": {},
            "ip_version": "IPv4",
            "location": "westeurope",
            "name": "mtc-ip",
            "public_ip_prefix_id": null,
            "resource_group_name": "mtc-resources",
            "reverse_fqdn": null,
            "sku": "Basic",
            "sku_tier": "Regional",
            "tags": {
              "environment": "dev"
            },
            "timeouts": null,
            "zones": []
          },
          "sensitive_attributes": [],
          "private": "eyJlMmJmYjczMC1lY2FhLTExZTYtOGY4OC0zNDM2M2JjN2M0YzAiOnsiY3JlYXRlIjoxODAwMDAwMDAwMDAwLCJkZWxldGUiOjE4MDAwMDAwMDAwMDAsInJlYWQiOjMwMDAwMDAwMDAwMCwidXBkYXRlIjoxODAwMDAwMDAwMDAwfX0=",
          "dependencies": [
            "azurerm_resource_group.mtc-rg"
          ]
        }
      ]
    },
    {
      "mode": "managed",
      "type": "azurerm_resource_group",
      "name": "mtc-rg",
      "provider": "provider[\"registry.terraform.io/hashicorp/azurerm\"]",
      "instances": [
        {
          "schema_version": 0,
          "attributes": {
            "id": "/subscriptions/32ec75d5-1e6b-4c8a-9170-bcabf13f9087/resourceGroups/mtc-resources",
            "location": "westeurope",
            "name": "mtc-resources",
            "tags": {
              "environment": "dev"
            },
            "timeouts": null
          },
          "sensitive_attributes": [],
          "private": "eyJlMmJmYjczMC1lY2FhLTExZTYtOGY4OC0zNDM2M2JjN2M0YzAiOnsiY3JlYXRlIjo1NDAwMDAwMDAwMDAwLCJkZWxldGUiOjU0MDAwMDAwMDAwMDAsInJlYWQiOjMwMDAwMDAwMDAwMCwidXBkYXRlIjo1NDAwMDAwMDAwMDAwfX0="
        }
      ]
    },
    {
      "mode": "managed",
      "type": "azurerm_subnet",
      "name": "mtc-subnet",
      "provider": "provider[\"registry.terraform.io/hashicorp/azurerm\"]",
      "instances": [
        {
          "schema_version": 0,
          "attributes": {
            "address_prefix": "10.123.1.0/24",
            "address_prefixes": [
              "10.123.1.0/24"
            ],
            "delegation": [],
            "enforce_private_link_endpoint_network_policies": false,
            "enforce_private_link_service_network_policies": false,
            "id": "/subscriptions/32ec75d5-1e6b-4c8a-9170-bcabf13f9087/resourceGroups/mtc-resources/providers/Microsoft.Network/virtualNetworks/mtc-network/subnets/mtc-subnet",
            "name": "mtc-subnet",
            "resource_group_name": "mtc-resources",
            "service_endpoint_policy_ids": [],
            "service_endpoints": [],
            "timeouts": null,
            "virtual_network_name": "mtc-network"
          },
          "sensitive_attributes": [],
          "private": "eyJlMmJmYjczMC1lY2FhLTExZTYtOGY4OC0zNDM2M2JjN2M0YzAiOnsiY3JlYXRlIjoxODAwMDAwMDAwMDAwLCJkZWxldGUiOjE4MDAwMDAwMDAwMDAsInJlYWQiOjMwMDAwMDAwMDAwMCwidXBkYXRlIjoxODAwMDAwMDAwMDAwfX0=",
          "dependencies": [
            "azurerm_resource_group.mtc-rg",
            "azurerm_virtual_network.mtc-vn"
          ]
        }
      ]
    },
    {
      "mode": "managed",
      "type": "azurerm_subnet_network_security_group_association",
      "name": "mtc-sga",
      "provider": "provider[\"registry.terraform.io/hashicorp/azurerm\"]",
      "instances": [
        {
          "schema_version": 0,
          "attributes": {
            "id": "/subscriptions/32ec75d5-1e6b-4c8a-9170-bcabf13f9087/resourceGroups/mtc-resources/providers/Microsoft.Network/virtualNetworks/mtc-network/subnets/mtc-subnet",
            "network_security_group_id": "/subscriptions/32ec75d5-1e6b-4c8a-9170-bcabf13f9087/resourceGroups/mtc-resources/providers/Microsoft.Network/networkSecurityGroups/mtc-sg",
            "subnet_id": "/subscriptions/32ec75d5-1e6b-4c8a-9170-bcabf13f9087/resourceGroups/mtc-resources/providers/Microsoft.Network/virtualNetworks/mtc-network/subnets/mtc-subnet",
            "timeouts": null
          },
          "sensitive_attributes": [],
          "private": "eyJlMmJmYjczMC1lY2FhLTExZTYtOGY4OC0zNDM2M2JjN2M0YzAiOnsiY3JlYXRlIjoxODAwMDAwMDAwMDAwLCJkZWxldGUiOjE4MDAwMDAwMDAwMDAsInJlYWQiOjMwMDAwMDAwMDAwMCwidXBkYXRlIjoxODAwMDAwMDAwMDAwfX0=",
          "dependencies": [
            "azurerm_network_security_group.mtc-sg",
            "azurerm_resource_group.mtc-rg",
            "azurerm_subnet.mtc-subnet",
            "azurerm_virtual_network.mtc-vn"
          ]
        }
      ]
    },
    {
      "mode": "managed",
      "type": "azurerm_virtual_network",
      "name": "mtc-vn",
      "provider": "provider[\"registry.terraform.io/hashicorp/azurerm\"]",
      "instances": [
        {
          "schema_version": 0,
          "attributes": {
            "address_space": [
              "10.123.0.0/16"
            ],
            "bgp_community": "",
            "ddos_protection_plan": [],
            "dns_servers": [],
            "flow_timeout_in_minutes": 0,
            "guid": "4460e8af-a24e-476a-aaf4-98f5c5f50b80",
            "id": "/subscriptions/32ec75d5-1e6b-4c8a-9170-bcabf13f9087/resourceGroups/mtc-resources/providers/Microsoft.Network/virtualNetworks/mtc-network",
            "location": "westeurope",
            "name": "mtc-network",
            "resource_group_name": "mtc-resources",
            "subnet": [
              {
                "address_prefix": "10.123.1.0/24",
                "id": "/subscriptions/32ec75d5-1e6b-4c8a-9170-bcabf13f9087/resourceGroups/mtc-resources/providers/Microsoft.Network/virtualNetworks/mtc-network/subnets/mtc-subnet",
                "name": "mtc-subnet",
                "security_group": "/subscriptions/32ec75d5-1e6b-4c8a-9170-bcabf13f9087/resourceGroups/mtc-resources/providers/Microsoft.Network/networkSecurityGroups/mtc-sg"
              }
            ],
            "tags": {
              "environment": "dev"
            },
            "timeouts": null,
            "vm_protection_enabled": false
          },
          "sensitive_attributes": [],
          "private": "eyJlMmJmYjczMC1lY2FhLTExZTYtOGY4OC0zNDM2M2JjN2M0YzAiOnsiY3JlYXRlIjoxODAwMDAwMDAwMDAwLCJkZWxldGUiOjE4MDAwMDAwMDAwMDAsInJlYWQiOjMwMDAwMDAwMDAwMCwidXBkYXRlIjoxODAwMDAwMDAwMDAwfX0=",
          "dependencies": [
            "azurerm_resource_group.mtc-rg"
          ]
        }
      ]
    }
  ]
}
